
Microsoft Visual Studio Solution File, Format Version 12.00
# Visual Studio Version 16
VisualStudioVersion = 16.0.30413.136
MinimumVisualStudioVersion = 10.0.40219.1
Project("{FAE04EC0-301F-11D3-BF4B-00C04F79EFBC}") = "tic-tac-toe", "tic-tac-toe\tic-tac-toe.csproj", "{83B396C6-2D00-4A02-87A9-5CB0EFF5099F}"
EndProject
Global
	GlobalSection(SolutionConfigurationPlatforms) = preSolution
		Debug|Any CPU = Debug|Any CPU
		Release|Any CPU = Release|Any CPU
	EndGlobalSection
	GlobalSection(ProjectConfigurationPlatforms) = postSolution
		{83B396C6-2D00-4A02-87A9-5CB0EFF5099F}.Debug|Any CPU.ActiveCfg = Debug|Any CPU
		{83B396C6-2D00-4A02-87A9-5CB0EFF5099F}.Debug|Any CPU.Build.0 = Debug|Any CPU
		{83B396C6-2D00-4A02-87A9-5CB0EFF5099F}.Release|Any CPU.ActiveCfg = Release|Any CPU
		{83B396C6-2D00-4A02-87A9-5CB0EFF5099F}.Release|Any CPU.Build.0 = Release|Any CPU
	EndGlobalSection
	GlobalSection(SolutionProperties) = preSolution
		HideSolutionNode = FALSE
	EndGlobalSection
	GlobalSection(ExtensibilityGlobals) = postSolution
		SolutionGuid = {CC40DB3C-53C6-4815-B1A7-1CEFCFF0F46D}
	EndGlobalSection
EndGlobal
